
Microsoft Visual Studio Solution File, Format Version 12.00
# Visual Studio Version 17
VisualStudioVersion = 17.8.34511.84
MinimumVisualStudioVersion = 10.0.40219.1
Project("{FAE04EC0-301F-11D3-BF4B-00C04F79EFBC}") = "ConsoleApp2", "ConsoleApp2\ConsoleApp2.csproj", "{FE517EF5-3D99-4258-B54B-F4412E03AD68}"
EndProject
Global
	GlobalSection(SolutionConfigurationPlatforms) = preSolution
		Debug|Any CPU = Debug|Any CPU
		Release|Any CPU = Release|Any CPU
	EndGlobalSection
	GlobalSection(ProjectConfigurationPlatforms) = postSolution
		{FE517EF5-3D99-4258-B54B-F4412E03AD68}.Debug|Any CPU.ActiveCfg = Debug|Any CPU
		{FE517EF5-3D99-4258-B54B-F4412E03AD68}.Debug|Any CPU.Build.0 = Debug|Any CPU
		{FE517EF5-3D99-4258-B54B-F4412E03AD68}.Release|Any CPU.ActiveCfg = Release|Any CPU
		{FE517EF5-3D99-4258-B54B-F4412E03AD68}.Release|Any CPU.Build.0 = Release|Any CPU
	EndGlobalSection
	GlobalSection(SolutionProperties) = preSolution
		HideSolutionNode = FALSE
	EndGlobalSection
	GlobalSection(ExtensibilityGlobals) = postSolution
		SolutionGuid = {53ED3D85-4DA8-4254-878A-9215DC08DE6F}
	EndGlobalSection
EndGlobal
